
Microsoft Visual Studio Solution File, Format Version 12.00
# Visual Studio Version 16
VisualStudioVersion = 16.0.31515.178
MinimumVisualStudioVersion = 10.0.40219.1
Project("{FAE04EC0-301F-11D3-BF4B-00C04F79EFBC}") = "SampleProject", "SampleProject.csproj", "{17F44648-C451-4569-9439-A479BBECD3C7}"
EndProject
Global
	GlobalSection(SolutionConfigurationPlatforms) = preSolution
		Debug|Any CPU = Debug|Any CPU
		Release|Any CPU = Release|Any CPU
	EndGlobalSection
	GlobalSection(ProjectConfigurationPlatforms) = postSolution
		{17F44648-C451-4569-9439-A479BBECD3C7}.Debug|Any CPU.ActiveCfg = Debug|Any CPU
		{17F44648-C451-4569-9439-A479BBECD3C7}.Debug|Any CPU.Build.0 = Debug|Any CPU
		{17F44648-C451-4569-9439-A479BBECD3C7}.Release|Any CPU.ActiveCfg = Release|Any CPU
		{17F44648-C451-4569-9439-A479BBECD3C7}.Release|Any CPU.Build.0 = Release|Any CPU
	EndGlobalSection
	GlobalSection(SolutionProperties) = preSolution
		HideSolutionNode = FALSE
	EndGlobalSection
	GlobalSection(ExtensibilityGlobals) = postSolution
		SolutionGuid = {E08D521C-5B58-4EF0-935B-9DD20AFFC213}
	EndGlobalSection
EndGlobal
